github.com/antihax/optional v1.0.0 h1:xK2lYat7ZLaVVcIuj82J8kIro4V6kDe0AUDFboUCwcg=
github.com/antihax/optional v1.0.0/go.mod h1:uupD/76wgC+ih3iEmQUL+0Ugr19nfwCT1kdvxnR2qWY=
github.com/gokrazy/gokapi v0.0.0-20250530162407-ee2d0d668321 h1:WIkgE9uiyZw1/YzywulZQP2o2YfrFWV/BBbshhcWY4Y=
github.com/gokrazy/gokapi v0.0.0-20250530162407-ee2d0d668321/go.mod h1:rVItujrJo0NpYZhFR5dYdzLDqMoMCtjEZkdxoCRDo+o=
github.com/gokrazy/internal v0.0.0-20250526201501-559979153369 h1:aNni2iPwJbowfHW1SFapKLfY+ZPUIcBfFrJvYPAh3p4=
github.com/gokrazy/internal v0.0.0-20250526201501-559979153369/go.mod h1:dQY4EMkD4L5ZjYJ0SPtpgYbV7MIUMCxNIXiOfnZ6jP4=
github.com/gokrazy/mkfs v0.0.0-20250530162502-fbb07f9ec5fd h1:rqE2bch+FbGoln244ApYTI6vjCqNBHmq8juwTdbfJsA=
github.com/gokrazy/mkfs v0.0.0-20250530162502-fbb07f9ec5fd/go.mod h1:lx4AECsvVhd+BPHI0X4cE7A4dWYARQpYu11ffrTt8iI=
github.com/spf13/pflag v1.0.5 h1:iy+VFUOCP1a+8yFto/drg2CJ5u0yRoB7fZw3DKv/JXA=
github.com/spf13/pflag v1.0.5/go.mod h1:McXfInJRrz4CZXVZOBLb0bTZqETkiAhM9Iw0y3An2Bg=
golang.org/x/oauth2 v0.23.0 h1:PbgcYx2W7i4LvjJWEbf0ngHV6qJYr86PkAV3bXdLEbs=
golang.org/x/oauth2 v0.23.0/go.mod h1:XYTD2NtWslqkgxebSiOHnXEap4TF09sJSc7H1sXbhtI=
